
Microsoft Visual Studio Solution File, Format Version 11.00
# Visual Studio 2010
Project("{FAE04EC0-301F-11D3-BF4B-00C04F79EFBC}") = "CoinMachine", "CoinMachine\CoinMachine.csproj", "{CD8E6A0F-2D0E-4767-B284-10C65FE4EDDA}"
EndProject
Project("{FAE04EC0-301F-11D3-BF4B-00C04F79EFBC}") = "CoinMachine.Tests", "CoinMachine.Tests\CoinMachine.Tests.csproj", "{390A92BB-9FFC-4664-B97E-58935081641C}"
EndProject
Project("{2150E333-8FDC-42A3-9474-1A3956D46DE8}") = "Solution Items", "Solution Items", "{DBF06960-6C6C-47A9-987D-29AB3A282612}"
	ProjectSection(SolutionItems) = preProject
		CoinMachine.vsmdi = CoinMachine.vsmdi
		Local.testsettings = Local.testsettings
		TraceAndTestImpact.testsettings = TraceAndTestImpact.testsettings
	EndProjectSection
EndProject
Global
	GlobalSection(TestCaseManagementSettings) = postSolution
		CategoryFile = CoinMachine.vsmdi
	EndGlobalSection
	GlobalSection(SolutionConfigurationPlatforms) = preSolution
		Debug|Any CPU = Debug|Any CPU
		Release|Any CPU = Release|Any CPU
	EndGlobalSection
	GlobalSection(ProjectConfigurationPlatforms) = postSolution
		{CD8E6A0F-2D0E-4767-B284-10C65FE4EDDA}.Debug|Any CPU.ActiveCfg = Debug|Any CPU
		{CD8E6A0F-2D0E-4767-B284-10C65FE4EDDA}.Debug|Any CPU.Build.0 = Debug|Any CPU
		{CD8E6A0F-2D0E-4767-B284-10C65FE4EDDA}.Release|Any CPU.ActiveCfg = Release|Any CPU
		{CD8E6A0F-2D0E-4767-B284-10C65FE4EDDA}.Release|Any CPU.Build.0 = Release|Any CPU
		{390A92BB-9FFC-4664-B97E-58935081641C}.Debug|Any CPU.ActiveCfg = Debug|Any CPU
		{390A92BB-9FFC-4664-B97E-58935081641C}.Debug|Any CPU.Build.0 = Debug|Any CPU
		{390A92BB-9FFC-4664-B97E-58935081641C}.Release|Any CPU.ActiveCfg = Release|Any CPU
		{390A92BB-9FFC-4664-B97E-58935081641C}.Release|Any CPU.Build.0 = Release|Any CPU
	EndGlobalSection
	GlobalSection(SolutionProperties) = preSolution
		HideSolutionNode = FALSE
	EndGlobalSection
EndGlobal
